
Microsoft Visual Studio Solution File, Format Version 12.00
# Visual Studio 15
VisualStudioVersion = 15.0.27703.2026
MinimumVisualStudioVersion = 10.0.40219.1
Project("{9A19103F-16F7-4668-BE54-9A1E7A4F7556}") = "WongaReceiverApp", "WongaReceiverApp\WongaReceiverApp.csproj", "{F80E1055-6165-4452-AF0B-B658F6EF3B69}"
EndProject
Project("{FAE04EC0-301F-11D3-BF4B-00C04F79EFBC}") = "RabbitMqLibrary", "RabbitMqLibrary\RabbitMqLibrary.csproj", "{A048FEFD-B902-4146-9DE9-E83EF97B0377}"
EndProject
Project("{9A19103F-16F7-4668-BE54-9A1E7A4F7556}") = "WongaSenderApp", "WongaSenderApp\WongaSenderApp.csproj", "{BFD2E52B-49D5-4B64-9FEF-2F36A9583472}"
EndProject
Global
	GlobalSection(SolutionConfigurationPlatforms) = preSolution
		Debug|Any CPU = Debug|Any CPU
		Release|Any CPU = Release|Any CPU
	EndGlobalSection
	GlobalSection(ProjectConfigurationPlatforms) = postSolution
		{F80E1055-6165-4452-AF0B-B658F6EF3B69}.Debug|Any CPU.ActiveCfg = Debug|Any CPU
		{F80E1055-6165-4452-AF0B-B658F6EF3B69}.Debug|Any CPU.Build.0 = Debug|Any CPU
		{F80E1055-6165-4452-AF0B-B658F6EF3B69}.Release|Any CPU.ActiveCfg = Release|Any CPU
		{F80E1055-6165-4452-AF0B-B658F6EF3B69}.Release|Any CPU.Build.0 = Release|Any CPU
		{A048FEFD-B902-4146-9DE9-E83EF97B0377}.Debug|Any CPU.ActiveCfg = Debug|Any CPU
		{A048FEFD-B902-4146-9DE9-E83EF97B0377}.Debug|Any CPU.Build.0 = Debug|Any CPU
		{A048FEFD-B902-4146-9DE9-E83EF97B0377}.Release|Any CPU.ActiveCfg = Release|Any CPU
		{A048FEFD-B902-4146-9DE9-E83EF97B0377}.Release|Any CPU.Build.0 = Release|Any CPU
		{BFD2E52B-49D5-4B64-9FEF-2F36A9583472}.Debug|Any CPU.ActiveCfg = Debug|Any CPU
		{BFD2E52B-49D5-4B64-9FEF-2F36A9583472}.Debug|Any CPU.Build.0 = Debug|Any CPU
		{BFD2E52B-49D5-4B64-9FEF-2F36A9583472}.Release|Any CPU.ActiveCfg = Release|Any CPU
		{BFD2E52B-49D5-4B64-9FEF-2F36A9583472}.Release|Any CPU.Build.0 = Release|Any CPU
	EndGlobalSection
	GlobalSection(SolutionProperties) = preSolution
		HideSolutionNode = FALSE
	EndGlobalSection
	GlobalSection(ExtensibilityGlobals) = postSolution
		SolutionGuid = {3E0BB97B-C030-432C-A704-A6620A64F164}
	EndGlobalSection
EndGlobal
